
Microsoft Visual Studio Solution File, Format Version 12.00
# Visual Studio Version 17
VisualStudioVersion = 17.5.002.0
MinimumVisualStudioVersion = 10.0.40219.1
Project("{9A19103F-16F7-4668-BE54-9A1E7A4F7556}") = "SongsAPI", "SongsAPI\SongsAPI.csproj", "{CB9B2C72-F45A-4176-B8D0-B2AB849D834F}"
EndProject
Global
	GlobalSection(SolutionConfigurationPlatforms) = preSolution
		Debug|Any CPU = Debug|Any CPU
		Release|Any CPU = Release|Any CPU
	EndGlobalSection
	GlobalSection(ProjectConfigurationPlatforms) = postSolution
		{CB9B2C72-F45A-4176-B8D0-B2AB849D834F}.Debug|Any CPU.ActiveCfg = Debug|Any CPU
		{CB9B2C72-F45A-4176-B8D0-B2AB849D834F}.Debug|Any CPU.Build.0 = Debug|Any CPU
		{CB9B2C72-F45A-4176-B8D0-B2AB849D834F}.Release|Any CPU.ActiveCfg = Release|Any CPU
		{CB9B2C72-F45A-4176-B8D0-B2AB849D834F}.Release|Any CPU.Build.0 = Release|Any CPU
	EndGlobalSection
	GlobalSection(SolutionProperties) = preSolution
		HideSolutionNode = FALSE
	EndGlobalSection
	GlobalSection(ExtensibilityGlobals) = postSolution
		SolutionGuid = {627881C0-870D-4546-BD37-E9872E5F8A7F}
	EndGlobalSection
EndGlobal
